
Microsoft Visual Studio Solution File, Format Version 12.00
# Visual Studio Version 16
VisualStudioVersion = 25.0.1703.3
MinimumVisualStudioVersion = 10.0.40219.1
Project("{FAE04EC0-301F-11D3-BF4B-00C04F79EFBC}") = "System-Integration-A2", "System-Integration-A2\System-Integration-A2.csproj", "{3D8B0D7E-1E08-4BCF-9CD2-EBE484812BB3}"
EndProject
Global
	GlobalSection(SolutionConfigurationPlatforms) = preSolution
		Debug|Any CPU = Debug|Any CPU
		Release|Any CPU = Release|Any CPU
	EndGlobalSection
	GlobalSection(ProjectConfigurationPlatforms) = postSolution
		{3D8B0D7E-1E08-4BCF-9CD2-EBE484812BB3}.Debug|Any CPU.ActiveCfg = Debug|Any CPU
		{3D8B0D7E-1E08-4BCF-9CD2-EBE484812BB3}.Debug|Any CPU.Build.0 = Debug|Any CPU
		{3D8B0D7E-1E08-4BCF-9CD2-EBE484812BB3}.Release|Any CPU.ActiveCfg = Release|Any CPU
		{3D8B0D7E-1E08-4BCF-9CD2-EBE484812BB3}.Release|Any CPU.Build.0 = Release|Any CPU
	EndGlobalSection
	GlobalSection(SolutionProperties) = preSolution
		HideSolutionNode = FALSE
	EndGlobalSection
	GlobalSection(ExtensibilityGlobals) = postSolution
		SolutionGuid = {5589F847-4426-4664-B5DF-F22DF8B9515D}
	EndGlobalSection
EndGlobal
